// !$*UTF8*$!
{
	archiveVersion = 1;
	classes = {
	};
	objectVersion = 50;
	objects = {

/* Begin PBXBuildFile section */
		D84554E927D62CED00D044A7 /* ListOfQuestionsViewController.swift in Sources */ = {isa = PBXBuildFile; fileRef = D84554E827D62CED00D044A7 /* ListOfQuestionsViewController.swift */; };
		D84554ED27D62D7700D044A7 /* QuestionDescriptionViewController.swift in Sources */ = {isa = PBXBuildFile; fileRef = D84554EC27D62D7700D044A7 /* QuestionDescriptionViewController.swift */; };
		D84E653C27D4E43B0027F354 /* AppDelegate.swift in Sources */ = {isa = PBXBuildFile; fileRef = D84E653B27D4E43B0027F354 /* AppDelegate.swift */; };
		D84E653E27D4E43B0027F354 /* SceneDelegate.swift in Sources */ = {isa = PBXBuildFile; fileRef = D84E653D27D4E43B0027F354 /* SceneDelegate.swift */; };
		D84E654327D4E43B0027F354 /* Main.storyboard in Resources */ = {isa = PBXBuildFile; fileRef = D84E654127D4E43B0027F354 /* Main.storyboard */; };
		D84E654527D4E4450027F354 /* Assets.xcassets in Resources */ = {isa = PBXBuildFile; fileRef = D84E654427D4E4450027F354 /* Assets.xcassets */; };
		D84E654827D4E4450027F354 /* LaunchScreen.storyboard in Resources */ = {isa = PBXBuildFile; fileRef = D84E654627D4E4450027F354 /* LaunchScreen.storyboard */; };
		D84E655127D4E6320027F354 /* NetworkManager.swift in Sources */ = {isa = PBXBuildFile; fileRef = D84E655027D4E6320027F354 /* NetworkManager.swift */; };
		D84E655427D4E8D40027F354 /* Question.swift in Sources */ = {isa = PBXBuildFile; fileRef = D84E655327D4E8D40027F354 /* Question.swift */; };
		D8C3BA0627D79F2800DDD254 /* CustomTableViewCell.swift in Sources */ = {isa = PBXBuildFile; fileRef = D8C3BA0427D79F2800DDD254 /* CustomTableViewCell.swift */; };
		D8C3BA0727D79F2800DDD254 /* CustomTableViewCell.xib in Resources */ = {isa = PBXBuildFile; fileRef = D8C3BA0527D79F2800DDD254 /* CustomTableViewCell.xib */; };
		D8DE704B27DA51ED00FD7344 /* QuestionTableViewCell.swift in Sources */ = {isa = PBXBuildFile; fileRef = D8DE704927DA51ED00FD7344 /* QuestionTableViewCell.swift */; };
		D8DE704C27DA51ED00FD7344 /* QuestionTableViewCell.xib in Resources */ = {isa = PBXBuildFile; fileRef = D8DE704A27DA51ED00FD7344 /* QuestionTableViewCell.xib */; };
		D8DE705027DA5D1300FD7344 /* AnswerTableViewCell.swift in Sources */ = {isa = PBXBuildFile; fileRef = D8DE704E27DA5D1300FD7344 /* AnswerTableViewCell.swift */; };
		D8DE705127DA5D1300FD7344 /* AnswerTableViewCell.xib in Resources */ = {isa = PBXBuildFile; fileRef = D8DE704F27DA5D1300FD7344 /* AnswerTableViewCell.xib */; };
/* End PBXBuildFile section */

/* Begin PBXFileReference section */
		D84554E827D62CED00D044A7 /* ListOfQuestionsViewController.swift */ = {isa = PBXFileReference; lastKnownFileType = sourcecode.swift; path = ListOfQuestionsViewController.swift; sourceTree = "<group>"; };
		D84554EC27D62D7700D044A7 /* QuestionDescriptionViewController.swift */ = {isa = PBXFileReference; lastKnownFileType = sourcecode.swift; path = QuestionDescriptionViewController.swift; sourceTree = "<group>"; };
		D84E653827D4E43B0027F354 /* Test.app */ = {isa = PBXFileReference; explicitFileType = wrapper.application; includeInIndex = 0; path = Test.app; sourceTree = BUILT_PRODUCTS_DIR; };
		D84E653B27D4E43B0027F354 /* AppDelegate.swift */ = {isa = PBXFileReference; lastKnownFileType = sourcecode.swift; path = AppDelegate.swift; sourceTree = "<group>"; };
		D84E653D27D4E43B0027F354 /* SceneDelegate.swift */ = {isa = PBXFileReference; lastKnownFileType = sourcecode.swift; path = SceneDelegate.swift; sourceTree = "<group>"; };
		D84E654227D4E43B0027F354 /* Base */ = {isa = PBXFileReference; lastKnownFileType = file.storyboard; name = Base; path = Base.lproj/Main.storyboard; sourceTree = "<group>"; };
		D84E654427D4E4450027F354 /* Assets.xcassets */ = {isa = PBXFileReference; lastKnownFileType = folder.assetcatalog; path = Assets.xcassets; sourceTree = "<group>"; };
		D84E654727D4E4450027F354 /* Base */ = {isa = PBXFileReference; lastKnownFileType = file.storyboard; name = Base; path = Base.lproj/LaunchScreen.storyboard; sourceTree = "<group>"; };
		D84E654927D4E4450027F354 /* Info.plist */ = {isa = PBXFileReference; lastKnownFileType = text.plist.xml; path = Info.plist; sourceTree = "<group>"; };
		D84E655027D4E6320027F354 /* NetworkManager.swift */ = {isa = PBXFileReference; lastKnownFileType = sourcecode.swift; path = NetworkManager.swift; sourceTree = "<group>"; };
		D84E655327D4E8D40027F354 /* Question.swift */ = {isa = PBXFileReference; lastKnownFileType = sourcecode.swift; path = Question.swift; sourceTree = "<group>"; };
		D8C3BA0427D79F2800DDD254 /* CustomTableViewCell.swift */ = {isa = PBXFileReference; lastKnownFileType = sourcecode.swift; path = CustomTableViewCell.swift; sourceTree = "<group>"; };
		D8C3BA0527D79F2800DDD254 /* CustomTableViewCell.xib */ = {isa = PBXFileReference; lastKnownFileType = file.xib; path = CustomTableViewCell.xib; sourceTree = "<group>"; };
		D8DE704927DA51ED00FD7344 /* QuestionTableViewCell.swift */ = {isa = PBXFileReference; lastKnownFileType = sourcecode.swift; path = QuestionTableViewCell.swift; sourceTree = "<group>"; };
		D8DE704A27DA51ED00FD7344 /* QuestionTableViewCell.xib */ = {isa = PBXFileReference; lastKnownFileType = file.xib; path = QuestionTableViewCell.xib; sourceTree = "<group>"; };
		D8DE704E27DA5D1300FD7344 /* AnswerTableViewCell.swift */ = {isa = PBXFileReference; lastKnownFileType = sourcecode.swift; path = AnswerTableViewCell.swift; sourceTree = "<group>"; };
		D8DE704F27DA5D1300FD7344 /* AnswerTableViewCell.xib */ = {isa = PBXFileReference; lastKnownFileType = file.xib; path = AnswerTableViewCell.xib; sourceTree = "<group>"; };
/* End PBXFileReference section */

/* Begin PBXFrameworksBuildPhase section */
		D84E653527D4E43B0027F354 /* Frameworks */ = {
			isa = PBXFrameworksBuildPhase;
			buildActionMask = 2147483647;
			files = (
			);
			runOnlyForDeploymentPostprocessing = 0;
		};
/* End PBXFrameworksBuildPhase section */

/* Begin PBXGroup section */
		D84554E027D62C1E00D044A7 /* SupportingFiles */ = {
			isa = PBXGroup;
			children = (
				D84E653B27D4E43B0027F354 /* AppDelegate.swift */,
				D84E653D27D4E43B0027F354 /* SceneDelegate.swift */,
				D84E654627D4E4450027F354 /* LaunchScreen.storyboard */,
			);
			path = SupportingFiles;
			sourceTree = "<group>";
		};
		D84E652F27D4E43B0027F354 = {
			isa = PBXGroup;
			children = (
				D84E653A27D4E43B0027F354 /* Test */,
				D84E653927D4E43B0027F354 /* Products */,
			);
			sourceTree = "<group>";
		};
		D84E653927D4E43B0027F354 /* Products */ = {
			isa = PBXGroup;
			children = (
				D84E653827D4E43B0027F354 /* Test.app */,
			);
			name = Products;
			sourceTree = "<group>";
		};
		D84E653A27D4E43B0027F354 /* Test */ = {
			isa = PBXGroup;
			children = (
				D84554E027D62C1E00D044A7 /* SupportingFiles */,
				D84E655627D4EC730027F354 /* Model */,
				D84E654127D4E43B0027F354 /* Main.storyboard */,
				D8DE703F27D9239700FD7344 /* Cells */,
				D84554EC27D62D7700D044A7 /* QuestionDescriptionViewController.swift */,
				D84554E827D62CED00D044A7 /* ListOfQuestionsViewController.swift */,
				D84E654427D4E4450027F354 /* Assets.xcassets */,
				D84E654927D4E4450027F354 /* Info.plist */,
			);
			path = Test;
			sourceTree = "<group>";
		};
		D84E655627D4EC730027F354 /* Model */ = {
			isa = PBXGroup;
			children = (
				D84E655327D4E8D40027F354 /* Question.swift */,
				D84E655027D4E6320027F354 /* NetworkManager.swift */,
			);
			path = Model;
			sourceTree = "<group>";
		};
		D8DE703F27D9239700FD7344 /* Cells */ = {
			isa = PBXGroup;
			children = (
				D8C3BA0427D79F2800DDD254 /* CustomTableViewCell.swift */,
				D8C3BA0527D79F2800DDD254 /* CustomTableViewCell.xib */,
				D8DE704927DA51ED00FD7344 /* QuestionTableViewCell.swift */,
				D8DE704A27DA51ED00FD7344 /* QuestionTableViewCell.xib */,
				D8DE704E27DA5D1300FD7344 /* AnswerTableViewCell.swift */,
				D8DE704F27DA5D1300FD7344 /* AnswerTableViewCell.xib */,
			);
			path = Cells;
			sourceTree = "<group>";
		};
/* End PBXGroup section */

/* Begin PBXNativeTarget section */
		D84E653727D4E43B0027F354 /* Test */ = {
			isa = PBXNativeTarget;
			buildConfigurationList = D84E654C27D4E4450027F354 /* Build configuration list for PBXNativeTarget "Test" */;
			buildPhases = (
				D84E653427D4E43B0027F354 /* Sources */,
				D84E653527D4E43B0027F354 /* Frameworks */,
				D84E653627D4E43B0027F354 /* Resources */,
			);
			buildRules = (
			);
			dependencies = (
			);
			name = Test;
			productName = Test;
			productReference = D84E653827D4E43B0027F354 /* Test.app */;
			productType = "com.apple.product-type.application";
		};
/* End PBXNativeTarget section */

/* Begin PBXProject section */
		D84E653027D4E43B0027F354 /* Project object */ = {
			isa = PBXProject;
			attributes = {
				LastSwiftUpdateCheck = 1240;
				LastUpgradeCheck = 1240;
				TargetAttributes = {
					D84E653727D4E43B0027F354 = {
						CreatedOnToolsVersion = 12.4;
					};
				};
			};
			buildConfigurationList = D84E653327D4E43B0027F354 /* Build configuration list for PBXProject "Test" */;
			compatibilityVersion = "Xcode 9.3";
			developmentRegion = en;
			hasScannedForEncodings = 0;
			knownRegions = (
				en,
				Base,
			);
			mainGroup = D84E652F27D4E43B0027F354;
			productRefGroup = D84E653927D4E43B0027F354 /* Products */;
			projectDirPath = "";
			projectRoot = "";
			targets = (
				D84E653727D4E43B0027F354 /* Test */,
			);
		};
/* End PBXProject section */

/* Begin PBXResourcesBuildPhase section */
		D84E653627D4E43B0027F354 /* Resources */ = {
			isa = PBXResourcesBuildPhase;
			buildActionMask = 2147483647;
			files = (
				D84E654827D4E4450027F354 /* LaunchScreen.storyboard in Resources */,
				D84E654527D4E4450027F354 /* Assets.xcassets in Resources */,
				D8DE704C27DA51ED00FD7344 /* QuestionTableViewCell.xib in Resources */,
				D8DE705127DA5D1300FD7344 /* AnswerTableViewCell.xib in Resources */,
				D8C3BA0727D79F2800DDD254 /* CustomTableViewCell.xib in Resources */,
				D84E654327D4E43B0027F354 /* Main.storyboard in Resources */,
			);
			runOnlyForDeploymentPostprocessing = 0;
		};
/* End PBXResourcesBuildPhase section */

/* Begin PBXSourcesBuildPhase section */
		D84E653427D4E43B0027F354 /* Sources */ = {
			isa = PBXSourcesBuildPhase;
			buildActionMask = 2147483647;
			files = (
				D8DE704B27DA51ED00FD7344 /* QuestionTableViewCell.swift in Sources */,
				D84E655427D4E8D40027F354 /* Question.swift in Sources */,
				D84E655127D4E6320027F354 /* NetworkManager.swift in Sources */,
				D84E653C27D4E43B0027F354 /* AppDelegate.swift in Sources */,
				D8C3BA0627D79F2800DDD254 /* CustomTableViewCell.swift in Sources */,
				D84554ED27D62D7700D044A7 /* QuestionDescriptionViewController.swift in Sources */,
				D84E653E27D4E43B0027F354 /* SceneDelegate.swift in Sources */,
				D8DE705027DA5D1300FD7344 /* AnswerTableViewCell.swift in Sources */,
				D84554E927D62CED00D044A7 /* ListOfQuestionsViewController.swift in Sources */,
			);
			runOnlyForDeploymentPostprocessing = 0;
		};
/* End PBXSourcesBuildPhase section */

/* Begin PBXVariantGroup section */
		D84E654127D4E43B0027F354 /* Main.storyboard */ = {
			isa = PBXVariantGroup;
			children = (
				D84E654227D4E43B0027F354 /* Base */,
			);
			name = Main.storyboard;
			sourceTree = "<group>";
		};
		D84E654627D4E4450027F354 /* LaunchScreen.storyboard */ = {
			isa = PBXVariantGroup;
			children = (
				D84E654727D4E4450027F354 /* Base */,
			);
			name = LaunchScreen.storyboard;
			sourceTree = "<group>";
		};
/* End PBXVariantGroup section */

/* Begin XCBuildConfiguration section */
		D84E654A27D4E4450027F354 /* Debug */ = {
			isa = XCBuildConfiguration;
			buildSettings = {
				ALWAYS_SEARCH_USER_PATHS = NO;
				CLANG_ANALYZER_NONNULL = YES;
				CLANG_ANALYZER_NUMBER_OBJECT_CONVERSION = YES_AGGRESSIVE;
				CLANG_CXX_LANGUAGE_STANDARD = "gnu++14";
				CLANG_CXX_LIBRARY = "libc++";
				CLANG_ENABLE_MODULES = YES;
				CLANG_ENABLE_OBJC_ARC = YES;
				CLANG_ENABLE_OBJC_WEAK = YES;
				CLANG_WARN_BLOCK_CAPTURE_AUTORELEASING = YES;
				CLANG_WARN_BOOL_CONVERSION = YES;
				CLANG_WARN_COMMA = YES;
				CLANG_WARN_CONSTANT_CONVERSION = YES;
				CLANG_WARN_DEPRECATED_OBJC_IMPLEMENTATIONS = YES;
				CLANG_WARN_DIRECT_OBJC_ISA_USAGE = YES_ERROR;
				CLANG_WARN_DOCUMENTATION_COMMENTS = YES;
				CLANG_WARN_EMPTY_BODY = YES;
				CLANG_WARN_ENUM_CONVERSION = YES;
				CLANG_WARN_INFINITE_RECURSION = YES;
				CLANG_WARN_INT_CONVERSION = YES;
				CLANG_WARN_NON_LITERAL_NULL_CONVERSION = YES;
				CLANG_WARN_OBJC_IMPLICIT_RETAIN_SELF = YES;
				CLANG_WARN_OBJC_LITERAL_CONVERSION = YES;
				CLANG_WARN_OBJC_ROOT_CLASS = YES_ERROR;
				CLANG_WARN_QUOTED_INCLUDE_IN_FRAMEWORK_HEADER = YES;
				CLANG_WARN_RANGE_LOOP_ANALYSIS = YES;
				CLANG_WARN_STRICT_PROTOTYPES = YES;
				CLANG_WARN_SUSPICIOUS_MOVE = YES;
				CLANG_WARN_UNGUARDED_AVAILABILITY = YES_AGGRESSIVE;
				CLANG_WARN_UNREACHABLE_CODE = YES;
				CLANG_WARN__DUPLICATE_METHOD_MATCH = YES;
				COPY_PHASE_STRIP = NO;
				DEBUG_INFORMATION_FORMAT = dwarf;
				ENABLE_STRICT_OBJC_MSGSEND = YES;
				ENABLE_TESTABILITY = YES;
				GCC_C_LANGUAGE_STANDARD = gnu11;
				GCC_DYNAMIC_NO_PIC = NO;
				GCC_NO_COMMON_BLOCKS = YES;
				GCC_OPTIMIZATION_LEVEL = 0;
				GCC_PREPROCESSOR_DEFINITIONS = (
					"DEBUG=1",
					"$(inherited)",
				);
				GCC_WARN_64_TO_32_BIT_CONVERSION = YES;
				GCC_WARN_ABOUT_RETURN_TYPE = YES_ERROR;
				GCC_WARN_UNDECLARED_SELECTOR = YES;
				GCC_WARN_UNINITIALIZED_AUTOS = YES_AGGRESSIVE;
				GCC_WARN_UNUSED_FUNCTION = YES;
				GCC_WARN_UNUSED_VARIABLE = YES;
				IPHONEOS_DEPLOYMENT_TARGET = 14.4;
				MTL_ENABLE_DEBUG_INFO = INCLUDE_SOURCE;
				MTL_FAST_MATH = YES;
				ONLY_ACTIVE_ARCH = YES;
				SDKROOT = iphoneos;
				SWIFT_ACTIVE_COMPILATION_CONDITIONS = DEBUG;
				SWIFT_OPTIMIZATION_LEVEL = "-Onone";
			};
			name = Debug;
		};
		D84E654B27D4E4450027F354 /* Release */ = {
			isa = XCBuildConfiguration;
			buildSettings = {
				ALWAYS_SEARCH_USER_PATHS = NO;
				CLANG_ANALYZER_NONNULL = YES;
				CLANG_ANALYZER_NUMBER_OBJECT_CONVERSION = YES_AGGRESSIVE;
				CLANG_CXX_LANGUAGE_STANDARD = "gnu++14";
				CLANG_CXX_LIBRARY = "libc++";
				CLANG_ENABLE_MODULES = YES;
				CLANG_ENABLE_OBJC_ARC = YES;
				CLANG_ENABLE_OBJC_WEAK = YES;
				CLANG_WARN_BLOCK_CAPTURE_AUTORELEASING = YES;
				CLANG_WARN_BOOL_CONVERSION = YES;
				CLANG_WARN_COMMA = YES;
				CLANG_WARN_CONSTANT_CONVERSION = YES;
				CLANG_WARN_DEPRECATED_OBJC_IMPLEMENTATIONS = YES;
				CLANG_WARN_DIRECT_OBJC_ISA_USAGE = YES_ERROR;
				CLANG_WARN_DOCUMENTATION_COMMENTS = YES;
				CLANG_WARN_EMPTY_BODY = YES;
				CLANG_WARN_ENUM_CONVERSION = YES;
				CLANG_WARN_INFINITE_RECURSION = YES;
				CLANG_WARN_INT_CONVERSION = YES;
				CLANG_WARN_NON_LITERAL_NULL_CONVERSION = YES;
				CLANG_WARN_OBJC_IMPLICIT_RETAIN_SELF = YES;
				CLANG_WARN_OBJC_LITERAL_CONVERSION = YES;
				CLANG_WARN_OBJC_ROOT_CLASS = YES_ERROR;
				CLANG_WARN_QUOTED_INCLUDE_IN_FRAMEWORK_HEADER = YES;
				CLANG_WARN_RANGE_LOOP_ANALYSIS = YES;
				CLANG_WARN_STRICT_PROTOTYPES = YES;
				CLANG_WARN_SUSPICIOUS_MOVE = YES;
				CLANG_WARN_UNGUARDED_AVAILABILITY = YES_AGGRESSIVE;
				CLANG_WARN_UNREACHABLE_CODE = YES;
				CLANG_WARN__DUPLICATE_METHOD_MATCH = YES;
				COPY_PHASE_STRIP = NO;
				DEBUG_INFORMATION_FORMAT = "dwarf-with-dsym";
				ENABLE_NS_ASSERTIONS = NO;
				ENABLE_STRICT_OBJC_MSGSEND = YES;
				GCC_C_LANGUAGE_STANDARD = gnu11;
				GCC_NO_COMMON_BLOCKS = YES;
				GCC_WARN_64_TO_32_BIT_CONVERSION = YES;
				GCC_WARN_ABOUT_RETURN_TYPE = YES_ERROR;
				GCC_WARN_UNDECLARED_SELECTOR = YES;
				GCC_WARN_UNINITIALIZED_AUTOS = YES_AGGRESSIVE;
				GCC_WARN_UNUSED_FUNCTION = YES;
				GCC_WARN_UNUSED_VARIABLE = YES;
				IPHONEOS_DEPLOYMENT_TARGET = 14.4;
				MTL_ENABLE_DEBUG_INFO = NO;
				MTL_FAST_MATH = YES;
				SDKROOT = iphoneos;
				SWIFT_COMPILATION_MODE = wholemodule;
				SWIFT_OPTIMIZATION_LEVEL = "-O";
				VALIDATE_PRODUCT = YES;
			};
			name = Release;
		};
		D84E654D27D4E4450027F354 /* Debug */ = {
			isa = XCBuildConfiguration;
			buildSettings = {
				ASSETCATALOG_COMPILER_APPICON_NAME = AppIcon;
				ASSETCATALOG_COMPILER_GLOBAL_ACCENT_COLOR_NAME = AccentColor;
				CODE_SIGN_STYLE = Automatic;
				DEVELOPMENT_TEAM = 5MC88K2KB8;
				INFOPLIST_FILE = Test/Info.plist;
				LD_RUNPATH_SEARCH_PATHS = (
					"$(inherited)",
					"@executable_path/Frameworks",
				);
				PRODUCT_BUNDLE_IDENTIFIER = ru.kartonka.Test;
				PRODUCT_NAME = "$(TARGET_NAME)";
				SWIFT_VERSION = 5.0;
				TARGETED_DEVICE_FAMILY = "1,2";
			};
			name = Debug;
		};
		D84E654E27D4E4450027F354 /* Release */ = {
			isa = XCBuildConfiguration;
			buildSettings = {
				ASSETCATALOG_COMPILER_APPICON_NAME = AppIcon;
				ASSETCATALOG_COMPILER_GLOBAL_ACCENT_COLOR_NAME = AccentColor;
				CODE_SIGN_STYLE = Automatic;
				DEVELOPMENT_TEAM = 5MC88K2KB8;
				INFOPLIST_FILE = Test/Info.plist;
				LD_RUNPATH_SEARCH_PATHS = (
					"$(inherited)",
					"@executable_path/Frameworks",
				);
				PRODUCT_BUNDLE_IDENTIFIER = ru.kartonka.Test;
				PRODUCT_NAME = "$(TARGET_NAME)";
				SWIFT_VERSION = 5.0;
				TARGETED_DEVICE_FAMILY = "1,2";
			};
			name = Release;
		};
/* End XCBuildConfiguration section */

/* Begin XCConfigurationList section */
		D84E653327D4E43B0027F354 /* Build configuration list for PBXProject "Test" */ = {
			isa = XCConfigurationList;
			buildConfigurations = (
				D84E654A27D4E4450027F354 /* Debug */,
				D84E654B27D4E4450027F354 /* Release */,
			);
			defaultConfigurationIsVisible = 0;
			defaultConfigurationName = Release;
		};
		D84E654C27D4E4450027F354 /* Build configuration list for PBXNativeTarget "Test" */ = {
			isa = XCConfigurationList;
			buildConfigurations = (
				D84E654D27D4E4450027F354 /* Debug */,
				D84E654E27D4E4450027F354 /* Release */,
			);
			defaultConfigurationIsVisible = 0;
			defaultConfigurationName = Release;
		};
/* End XCConfigurationList section */
	};
	rootObject = D84E653027D4E43B0027F354 /* Project object */;
}
